# THIS IS AN AUTOGENERATED FILE. DO NOT EDIT THIS FILE DIRECTLY.
# yarn lockfile v1


"@borewit/text-codec@^0.2.1":
  version "0.2.2"
  resolved "https://registry.yarnpkg.com/@borewit/text-codec/-/text-codec-0.2.2.tgz#75025f735c0983b3a871668804a57387e3649375"
  integrity sha512-DDaRehssg1aNrH4+2hnj1B7vnUGEjU6OIlyRdkMd0aUdIUvKXrJfXsy8LVtXAy7DRvYVluWbMspsRhz2lcW0mQ==

"@graphql-tools/merge@9.1.9", "@graphql-tools/merge@^9.1.9":
  version "9.1.9"
  resolved "https://registry.yarnpkg.com/@graphql-tools/merge/-/merge-9.1.9.tgz#d5b042ef11695ca130a36477e25786100353609b"
  integrity sha512-iHUWNjRHeQRYdgIMIuChThOwoKzA9vrzYeslgfBo5eUYEyHGZCoDPjAavssoYXLwstYt1dZj2J22jSzc2DrN0Q==
  dependencies:
    "@graphql-tools/utils" "^11.1.0"
    tslib "^2.4.0"

"@graphql-tools/schema@10.0.33":
  version "10.0.33"
  resolved "https://registry.yarnpkg.com/@graphql-tools/schema/-/schema-10.0.33.tgz#147d70aa9bb12123ffca2c091be1f3f3ec592911"
  integrity sha512-O6P3RIftO0jafnSsFAqpjurUuUxJ43s/AdPVLQsBkI6y4Ic/tKm4C1Qm1KKQsCDTOxXPJClh/v3g7k7yLKCFBQ==
  dependencies:
    "@graphql-tools/merge" "^9.1.9"
    "@graphql-tools/utils" "^11.1.0"
    tslib "^2.4.0"

"@graphql-tools/utils@11.1.0", "@graphql-tools/utils@^11.1.0":
  version "11.1.0"
  resolved "https://registry.yarnpkg.com/@graphql-tools/utils/-/utils-11.1.0.tgz#03593c3ae1177e04a3620c688fd29df912aa094f"
  integrity sha512-PtFVG4r8Z2LEBSaPYQMusBiB3o6kjLVJyjCLbnWem/SpSuM21v6LTmgpkXfYU1qpBV2UGsFyuEnSJInl8fR1Ag==
  dependencies:
    "@graphql-typed-document-node/core" "^3.1.1"
    "@whatwg-node/promise-helpers" "^1.0.0"
    cross-inspect "1.0.1"
    tslib "^2.4.0"

"@graphql-typed-document-node/core@^3.1.1":
  version "3.2.0"
  resolved "https://registry.yarnpkg.com/@graphql-typed-document-node/core/-/core-3.2.0.tgz#5f3d96ec6b2354ad6d8a28bf216a1d97b5426861"
  integrity sha512-mB9oAsNCm9aM3/SOv4YtBMqZbYj10R7dkq8byBqxGY/ncFwhf2oQzMV+LCRlWoDSEBJ3COiR1yeDvMtsoOsuFQ==

"@lukeed/csprng@^1.0.0":
  version "1.1.0"
  resolved "https://registry.yarnpkg.com/@lukeed/csprng/-/csprng-1.1.0.tgz#1e3e4bd05c1cc7a0b2ddbd8a03f39f6e4b5e6cfe"
  integrity sha512-Z7C/xXCiGWsg0KuKsHTKJxbWhpI3Vs5GwLfOean7MGyVFGqdRgBbAjOCh6u4bbjPc/8MJ2pZmK/0DLdCbivLDA==

"@nestjs/common@^11.0.0":
  version "11.1.21"
  resolved "https://registry.yarnpkg.com/@nestjs/common/-/common-11.1.21.tgz#9a45c6c09e90cabfdcc4f9579877fb5d89924d3c"
  integrity sha512-YV1HYDGsm2rnR0vrLKidtrG6jYX5yqiIjeur1j8++dKGqhhsJ6cjMs0RfQRSTUH7IjgDemA59/znQ8nRrE0D9g==
  dependencies:
    uid "2.0.2"
    file-type "21.3.4"
    iterare "1.2.1"
    load-esm "1.0.3"
    tslib "2.8.1"

"@nestjs/graphql@^13.0.0":
  version "13.4.1"
  resolved "https://registry.yarnpkg.com/@nestjs/graphql/-/graphql-13.4.1.tgz#af59ddbe753fc66c04bfb06acef291202e6e39ba"
  integrity sha512-oULTVBSMZXeKb/eMDyY9xf4PnfWLY8Z1n9ZxGo1B5oP85LMxkMb+8konxnNHPUglYpeLmLWxDNeI9CLj+fjClw==
  dependencies:
    "@graphql-tools/merge" "9.1.9"
    "@graphql-tools/schema" "10.0.33"
    "@graphql-tools/utils" "11.1.0"
    "@nestjs/mapped-types" "2.1.1"
    chokidar "4.0.3"
    fast-glob "3.3.3"
    graphql-tag "2.12.6"
    graphql-ws "6.0.8"
    lodash "4.18.1"
    normalize-path "3.0.0"
    subscriptions-transport-ws "0.11.0"
    tslib "2.8.1"
    ws "8.20.1"

"@nestjs/mapped-types@2.1.1":
  version "2.1.1"
  resolved "https://registry.yarnpkg.com/@nestjs/mapped-types/-/mapped-types-2.1.1.tgz#9530ac3250ab433ba6ef831e9dd5d483f5fc8144"
  integrity sha512-SCCoMEJ6jdeI5h/N+KCVF1+pmg/hmEkNA5nHTS8Gvww7T/LCl4o1gFLinw2iQ60w7slFkszHcGLKGdazVI4F8A==

"@nodelib/fs.scandir@2.1.5":
  version "2.1.5"
  resolved "https://registry.yarnpkg.com/@nodelib/fs.scandir/-/fs.scandir-2.1.5.tgz#7619c2eb21b25483f6d167548b4cfd5a7488c3d5"
  integrity sha512-vq24Bq3ym5HEQm2NKCr3yXDwjc7vTsEThRDnkp2DK9p1uqLR+DHurm/NOTo0KG7HYHU7eppKZj3MyqYuMBf62g==
  dependencies:
    "@nodelib/fs.stat" "2.0.5"
    run-parallel "^1.1.9"

"@nodelib/fs.stat@2.0.5", "@nodelib/fs.stat@^2.0.2":
  version "2.0.5"
  resolved "https://registry.yarnpkg.com/@nodelib/fs.stat/-/fs.stat-2.0.5.tgz#5bd262af94e9d25bd1e71b05deed44876a222e8b"
  integrity sha512-RkhPPp2zrqDAQA/2jNhnztcPAlv64XdhIp7a7454A5ovI7Bukxgt7MX7udwAu3zg1DcpPU0rz3VV1SeaqvY4+A==

"@nodelib/fs.walk@^1.2.3":
  version "1.2.8"
  resolved "https://registry.yarnpkg.com/@nodelib/fs.walk/-/fs.walk-1.2.8.tgz#e95737e8bb6746ddedf69c556953494f196fe69a"
  integrity sha512-oGB+UxlgWcgQkgwo8GcEGwemoTFt3FIO9ababBmaGwXIoBKZ+GTy0pP185beGg7Llih/NSHSV2XAs1lnznocSg==
  dependencies:
    "@nodelib/fs.scandir" "2.1.5"
    fastq "^1.6.0"

"@prisma/client-runtime-utils@7.8.0":
  version "7.8.0"
  resolved "https://registry.yarnpkg.com/@prisma/client-runtime-utils/-/client-runtime-utils-7.8.0.tgz#202c0a2ac295e19677debd4a2d18dc35f9ccfb21"
  integrity sha512-5NQZztQ0oY/ADFkmd9gPuweH5A1/CCY8YQPorLLO0Mu6a87mY5gsnDkzmFmIHs9NFaLnZojzgddFVN4RpKYrdw==

"@prisma/client@^7.8.0":
  version "7.8.0"
  resolved "https://registry.yarnpkg.com/@prisma/client/-/client-7.8.0.tgz#dce2fb00238c733f6bedeb769547b01f69b86d42"
  integrity sha512-HFp3Dawv/3sU3JtlPha90IB+48lS7zHiH4LKZPjmcE8YH5P9DOXGPvo8dqOtO7MqLDd1p2hOWMcFlRT1DMblHw==
  dependencies:
    "@prisma/client-runtime-utils" "7.8.0"

"@tokenizer/inflate@^0.4.1":
  version "0.4.1"
  resolved "https://registry.yarnpkg.com/@tokenizer/inflate/-/inflate-0.4.1.tgz#fa6cdb8366151b3cc8426bf9755c1ea03a2fba08"
  integrity sha512-2mAv+8pkG6GIZiF1kNg1jAjh27IDxEPKwdGul3snfztFerfPGI1LjDezZp3i7BElXompqEtPmoPx6c2wgtWsOA==
  dependencies:
    debug "^4.4.3"
    token-types "^6.1.1"

"@tokenizer/token@^0.3.0":
  version "0.3.0"
  resolved "https://registry.yarnpkg.com/@tokenizer/token/-/token-0.3.0.tgz#fe98a93fe789247e998c75e74e9c7c63217aa276"
  integrity sha512-OvjF+z51L3ov0OyAU0duzsYuvO01PH7x4t6DJx+guahgTnBHkhJdG7soQeTSFLWN3efnHyibZ4Z8l2EuWwJN3A==

"@types/node@^25.0.0":
  version "25.9.1"
  resolved "https://registry.yarnpkg.com/@types/node/-/node-25.9.1.tgz#3bda556db500ae4319c08e7fc9ab94f19013ba0b"
  integrity sha512-xfrlY7UD5rMJk3ZVJP8BNzS28J36YJg+xp+LPXV1TdWxr8uMH5A860QNxYDGQe/ylDSgjxE52Q9VnO7p75tJxg==
  dependencies:
    undici-types ">=7.24.0 <7.24.7"

"@types/validator@^13.15.3":
  version "13.15.10"
  resolved "https://registry.yarnpkg.com/@types/validator/-/validator-13.15.10.tgz#742b77ec34d58554b94a76a14cef30d59e3c16b9"
  integrity sha512-T8L6i7wCuyoK8A/ZeLYt1+q0ty3Zb9+qbSSvrIVitzT3YjZqkTZ40IbRsPanlB4h1QB3JVL1SYCdR6ngtFYcuA==

"@whatwg-node/promise-helpers@^1.0.0":
  version "1.3.2"
  resolved "https://registry.yarnpkg.com/@whatwg-node/promise-helpers/-/promise-helpers-1.3.2.tgz#3b54987ad6517ef6db5920c66a6f0dada606587d"
  integrity sha512-Nst5JdK47VIl9UcGwtv2Rcgyn5lWtZ0/mhRQ4G8NN2isxpq2TO30iqHzmwoJycjWuyUfg3GFXqP/gFHXeV57IA==
  dependencies:
    tslib "^2.6.3"

backo2@^1.0.2:
  version "1.0.2"
  resolved "https://registry.yarnpkg.com/backo2/-/backo2-1.0.2.tgz#31ab1ac8b129363463e35b3ebb69f4dfcfba7947"
  integrity sha512-zj6Z6M7Eq+PBZ7PQxl5NT665MvJdAkzp0f60nAJ+sLaSCBPMwVak5ZegFbgVCzFcCJTKFoMizvM5Ld7+JrRJHA==

braces@^3.0.3:
  version "3.0.3"
  resolved "https://registry.yarnpkg.com/braces/-/braces-3.0.3.tgz#490332f40919452272d55a8480adc0c441358789"
  integrity sha512-yQbXgO/OSZVD2IsiLlro+7Hf6Q18EJrKSEsdoMzKePKXct3gvD8oLcOQdIzGupr5Fj+EDe8gO/lxc1BzfMpxvA==
  dependencies:
    fill-range "^7.1.1"

chokidar@4.0.3:
  version "4.0.3"
  resolved "https://registry.yarnpkg.com/chokidar/-/chokidar-4.0.3.tgz#7be37a4c03c9aee1ecfe862a4a23b2c70c205d30"
  integrity sha512-Qgzu8kfBvo+cA4962jnP1KkS6Dop5NS6g7R5LFYJr4b8Ub94PPQXUksCw9PvXoeXPRRddRNC5C1JQUR2SMGtnA==
  dependencies:
    readdirp "^4.0.1"

class-validator@^0.15.0:
  version "0.15.1"
  resolved "https://registry.yarnpkg.com/class-validator/-/class-validator-0.15.1.tgz#002600c101bcebb16e7240870cb50535340c9600"
  integrity sha512-LqoS80HBBSCVhz/3KloUly0ovokxpdOLR++Al3J3+dHXWt9sTKlKd4eYtoxhxyUjoe5+UcIM+5k9MIxyBWnRTw==
  dependencies:
    "@types/validator" "^13.15.3"
    libphonenumber-js "^1.11.1"
    validator "^13.15.22"

cross-inspect@1.0.1:
  version "1.0.1"
  resolved "https://registry.yarnpkg.com/cross-inspect/-/cross-inspect-1.0.1.tgz#15f6f65e4ca963cf4cc1a2b5fef18f6ca328712b"
  integrity sha512-Pcw1JTvZLSJH83iiGWt6fRcT+BjZlCDRVwYLbUcHzv/CRpB7r0MlSrGbIyQvVSNyGnbt7G4AXuyCiDR3POvZ1A==
  dependencies:
    tslib "^2.4.0"

dataloader@^2.2.3:
  version "2.2.3"
  resolved "https://registry.yarnpkg.com/dataloader/-/dataloader-2.2.3.tgz#42d10b4913515f5b37c6acedcb4960d6ae1b1517"
  integrity sha512-y2krtASINtPFS1rSDjacrFgn1dcUuoREVabwlOGOe4SdxenREqwjwjElAdwvbGM7kgZz9a3KVicWR7vcz8rnzA==

debug@^4.4.3:
  version "4.4.3"
  resolved "https://registry.yarnpkg.com/debug/-/debug-4.4.3.tgz#c6ae432d9bd9662582fce08709b038c58e9e3d6a"
  integrity sha512-RGwwWnwQvkVfavKVt22FGLw+xYSdzARwm0ru6DhTVA3umU5hZc28V3kO4stgYryrTlLpuvgI9GiijltAjNbcqA==
  dependencies:
    ms "^2.1.3"

eventemitter3@^3.1.0:
  version "3.1.2"
  resolved "https://registry.yarnpkg.com/eventemitter3/-/eventemitter3-3.1.2.tgz#2d3d48f9c346698fce83a85d7d664e98535df6e7"
  integrity sha512-tvtQIeLVHjDkJYnzf2dgVMxfuSGJeM/7UCG17TT4EumTfNtF+0nebF/4zWOIkCreAbtNqhGEboB6BWrwqNaw4Q==

fast-glob@3.3.3:
  version "3.3.3"
  resolved "https://registry.yarnpkg.com/fast-glob/-/fast-glob-3.3.3.tgz#d06d585ce8dba90a16b0505c543c3ccfb3aeb818"
  integrity sha512-7MptL8U0cqcFdzIzwOTHoilX9x5BrNqye7Z/LuC7kCMRio1EMSyqRK3BEAUD7sXRq4iT4AzTVuZdhgQ2TCvYLg==
  dependencies:
    "@nodelib/fs.stat" "^2.0.2"
    "@nodelib/fs.walk" "^1.2.3"
    glob-parent "^5.1.2"
    merge2 "^1.3.0"
    micromatch "^4.0.8"

fastq@^1.6.0:
  version "1.20.1"
  resolved "https://registry.yarnpkg.com/fastq/-/fastq-1.20.1.tgz#ca750a10dc925bc8b18839fd203e3ef4b3ced675"
  integrity sha512-GGToxJ/w1x32s/D2EKND7kTil4n8OVk/9mycTc4VDza13lOvpUZTGX3mFSCtV9ksdGBVzvsyAVLM6mHFThxXxw==
  dependencies:
    reusify "^1.0.4"

file-type@21.3.4:
  version "21.3.4"
  resolved "https://registry.yarnpkg.com/file-type/-/file-type-21.3.4.tgz#e3f902faee8ec4aa152909fc902a7a77f9c06725"
  integrity sha512-Ievi/yy8DS3ygGvT47PjSfdFoX+2isQueoYP1cntFW1JLYAuS4GD7NUPGg4zv2iZfV52uDyk5w5Z0TdpRS6Q1g==
  dependencies:
    "@tokenizer/inflate" "^0.4.1"
    strtok3 "^10.3.4"
    token-types "^6.1.1"
    uint8array-extras "^1.4.0"

fill-range@^7.1.1:
  version "7.1.1"
  resolved "https://registry.yarnpkg.com/fill-range/-/fill-range-7.1.1.tgz#44265d3cac07e3ea7dc247516380643754a05292"
  integrity sha512-YsGpe3WHLK8ZYi4tWDg2Jy3ebRz2rXowDxnld4bkQB00cc/1Zw9AWnC0i9ztDJitivtQvaI9KaLyKrc+hBW0yg==
  dependencies:
    to-regex-range "^5.0.1"

glob-parent@^5.1.2:
  version "5.1.2"
  resolved "https://registry.yarnpkg.com/glob-parent/-/glob-parent-5.1.2.tgz#869832c58034fe68a4093c17dc15e8340d8401c4"
  integrity sha512-AOIgSQCepiJYwP3ARnGx+5VnTu2HBYdzbGP45eLw1vr3zB3vZLeyed1sC9hnbcOc9/SrMyM5RPQrkGz4aS9Zow==
  dependencies:
    is-glob "^4.0.1"

graphql-tag@2.12.6:
  version "2.12.6"
  resolved "https://registry.yarnpkg.com/graphql-tag/-/graphql-tag-2.12.6.tgz#d441a569c1d2537ef10ca3d1633b48725329b5f1"
  integrity sha512-FdSNcu2QQcWnM2VNvSCCDCVS5PpPqpzgFT8+GXzqJuoDd0CBncxCY278u4mhRO7tMgo2JjgJA5aZ+nWSQ/Z+xg==
  dependencies:
    tslib "^2.1.0"

graphql-ws@6.0.8:
  version "6.0.8"
  resolved "https://registry.yarnpkg.com/graphql-ws/-/graphql-ws-6.0.8.tgz#6712bb9da8462937e92343e3146726f89424df68"
  integrity sha512-m3EOaNsUBXwAnkBWbzPfe0Nq8pXUfxsWnolC54sru3FzHvhTZL0Ouf/BoQsaGAXqM+YPerXOJ47BUnmgmoupCw==

graphql@^16.8.0:
  version "16.14.0"
  resolved "https://registry.yarnpkg.com/graphql/-/graphql-16.14.0.tgz#f1128a74b16a34d1245c8436bb07b488d87b83e1"
  integrity sha512-BBvQ/406p+4CZbTpCbVPSxfzrZrbnuWSP1ELYgyS6B+hNeKzgrdB4JczCa5VZUBQrDa9hUngm0KnexY6pJRN5Q==

ieee754@^1.2.1:
  version "1.2.1"
  resolved "https://registry.yarnpkg.com/ieee754/-/ieee754-1.2.1.tgz#8eb7a10a63fff25d15a57b001586d177d1b0d352"
  integrity sha512-dcyqhDvX1C46lXZcVqCpK+FtMRQVdIMN6/Df5js2zouUsqG7I6sFxitIC+7KYK29KdXOLHdu9zL4sFnoVQnqaA==

is-extglob@^2.1.1:
  version "2.1.1"
  resolved "https://registry.yarnpkg.com/is-extglob/-/is-extglob-2.1.1.tgz#a88c02535791f02ed37c76a1b9ea9773c833f8c2"
  integrity sha512-SbKbANkN603Vi4jEZv49LeVJMn4yGwsbzZworEoyEiutsN3nJYdbO36zfhGJ6QEDpOZIFkDtnq5JRxmvl3jsoQ==

is-glob@^4.0.1:
  version "4.0.3"
  resolved "https://registry.yarnpkg.com/is-glob/-/is-glob-4.0.3.tgz#64f61e42cbbb2eec2071a9dac0b28ba1e65d5084"
  integrity sha512-xelSayHH36ZgE7ZWhli7pW34hNbNl8Ojv5KVmkJD4hBdD3th8Tfk9vYasLM+mXWOZhFkgZfxhLSnrwRr4elSSg==
  dependencies:
    is-extglob "^2.1.1"

is-number@^7.0.0:
  version "7.0.0"
  resolved "https://registry.yarnpkg.com/is-number/-/is-number-7.0.0.tgz#7535345b896734d5f80c4d06c50955527a14f12b"
  integrity sha512-41Cifkg6e8TylSpdtTpeLVMqvSBEVzTttHvERD741+pnZ8ANv0004MRL43QKPDlK9cGvNp6NZWZUBlbGXYxxng==

iterall@^1.2.1:
  version "1.3.0"
  resolved "https://registry.yarnpkg.com/iterall/-/iterall-1.3.0.tgz#afcb08492e2915cbd8a0884eb93a8c94d0d72fea"
  integrity sha512-QZ9qOMdF+QLHxy1QIpUHUU1D5pS2CG2P69LF6L6CPjPYA/XMOmKV3PZpawHoAjHNyB0swdVTRxdYT4tbBbxqwg==

iterare@1.2.1:
  version "1.2.1"
  resolved "https://registry.yarnpkg.com/iterare/-/iterare-1.2.1.tgz#139c400ff7363690e33abffa33cbba8920f00042"
  integrity sha512-RKYVTCjAnRthyJes037NX/IiqeidgN1xc3j1RjFfECFp28A1GVwK9nA+i0rJPaHqSZwygLzRnFlzUuHFoWWy+Q==

libphonenumber-js@^1.11.1:
  version "1.13.2"
  resolved "https://registry.yarnpkg.com/libphonenumber-js/-/libphonenumber-js-1.13.2.tgz#526b275182b77ebfb786869650430c82f9176286"
  integrity sha512-S3kmBrptp3yRTm83NUcHy9g1vbwiWMzI8WvY22+koBJ6zkRteLnedBL2VX0MIAGwx2yiyxX4J85pceZyQ6ffgg==

load-esm@1.0.3:
  version "1.0.3"
  resolved "https://registry.yarnpkg.com/load-esm/-/load-esm-1.0.3.tgz#2073afe3da63902c323e80d9f135c301173ac92c"
  integrity sha512-v5xlu8eHD1+6r8EHTg6hfmO97LN8ugKtiXcy5e6oN72iD2r6u0RPfLl6fxM+7Wnh2ZRq15o0russMst44WauPA==

lodash@4.18.1:
  version "4.18.1"
  resolved "https://registry.yarnpkg.com/lodash/-/lodash-4.18.1.tgz#ff2b66c1f6326d59513de2407bf881439812771c"
  integrity sha512-dMInicTPVE8d1e5otfwmmjlxkZoUpiVLwyeTdUsi/Caj/gfzzblBcCE5sRHV/AsjuCmxWrte2TNGSYuCeCq+0Q==

merge2@^1.3.0:
  version "1.4.1"
  resolved "https://registry.yarnpkg.com/merge2/-/merge2-1.4.1.tgz#4368892f885e907455a6fd7dc55c0c9d404990ae"
  integrity sha512-8q7VEgMJW4J8tcfVPy8g09NcQwZdbwFEqhe/WZkoIzjn/3TGDwtOCYtXGxA3O8tPzpczCCDgv+P2P5y00ZJOOg==

micromatch@^4.0.8:
  version "4.0.8"
  resolved "https://registry.yarnpkg.com/micromatch/-/micromatch-4.0.8.tgz#d66fa18f3a47076789320b9b1af32bd86d9fa202"
  integrity sha512-PXwfBhYu0hBCPw8Dn0E+WDYb7af3dSLVWKi3HGv84IdF4TyFoC0ysxFd0Goxw7nSv4T/PzEJQxsYsEiFCKo2BA==
  dependencies:
    braces "^3.0.3"
    picomatch "^2.3.1"

ms@^2.1.3:
  version "2.1.3"
  resolved "https://registry.yarnpkg.com/ms/-/ms-2.1.3.tgz#574c8138ce1d2b5861f0b44579dbadd60c6615b2"
  integrity sha512-6FlzubTLZG3J2a/NVCAleEhjzq5oxgHyaCU9yYXvcLsvoVaHJq/s5xXI6/XXP6tz7R9xAOtHnSO/tXtF3WRTlA==

normalize-path@3.0.0:
  version "3.0.0"
  resolved "https://registry.yarnpkg.com/normalize-path/-/normalize-path-3.0.0.tgz#0dcd69ff23a1c9b11fd0978316644a0388216a65"
  integrity sha512-6eZs5Ls3WtCisHWp9S2GUy8dqkpGi4BVSz3GaqiE6ezub0512ESztXUwUB6C6IKbQkY2Pnb/mD4WYojCRwcwLA==

picomatch@^2.3.1:
  version "2.3.2"
  resolved "https://registry.yarnpkg.com/picomatch/-/picomatch-2.3.2.tgz#5a942915e26b372dc0f0e6753149a16e6b1c5601"
  integrity sha512-V7+vQEJ06Z+c5tSye8S+nHUfI51xoXIXjHQ99cQtKUkQqqO1kO/KCJUfZXuB47h/YBlDhah2H3hdUGXn8ie0oA==

queue-microtask@^1.2.2:
  version "1.2.3"
  resolved "https://registry.yarnpkg.com/queue-microtask/-/queue-microtask-1.2.3.tgz#4929228bbc724dfac43e0efb058caf7b6cfb6243"
  integrity sha512-NuaNSa6flKT5JaSYQzJok04JzTL1CA6aGhv5rfLW3PgqA+M2ChpZQnAC8h8i4ZFkBS8X5RqkDBHA7r4hej3K9A==

readdirp@^4.0.1:
  version "4.1.2"
  resolved "https://registry.yarnpkg.com/readdirp/-/readdirp-4.1.2.tgz#eb85801435fbf2a7ee58f19e0921b068fc69948d"
  integrity sha512-GDhwkLfywWL2s6vEjyhri+eXmfH6j1L7JE27WhqLeYzoh/A3DBaYGEj2H/HFZCn/kMfim73FXxEJTw06WtxQwg==

reflect-metadata@^0.2.0:
  version "0.2.2"
  resolved "https://registry.yarnpkg.com/reflect-metadata/-/reflect-metadata-0.2.2.tgz#400c845b6cba87a21f2c65c4aeb158f4fa4d9c5b"
  integrity sha512-urBwgfrvVP/eAyXx4hluJivBKzuEbSQs9rKWCrCkbSxNv8mxPcUZKeuoF3Uy4mJl3Lwprp6yy5/39VWigZ4K6Q==

reusify@^1.0.4:
  version "1.1.0"
  resolved "https://registry.yarnpkg.com/reusify/-/reusify-1.1.0.tgz#0fe13b9522e1473f51b558ee796e08f11f9b489f"
  integrity sha512-g6QUff04oZpHs0eG5p83rFLhHeV00ug/Yf9nZM6fLeUrPguBTkTQOdpAWWspMh55TZfVQDPaN3NQJfbVRAxdIw==

run-parallel@^1.1.9:
  version "1.2.0"
  resolved "https://registry.yarnpkg.com/run-parallel/-/run-parallel-1.2.0.tgz#66d1368da7bdf921eb9d95bd1a9229e7f21a43ee"
  integrity sha512-5l4VyZR86LZ/lDxZTR6jqL8AFE2S0IFLMP26AbjsLVADxHdhB/c0GUsH+y39UfCi3dzz8OlQuPmnaJOMoDHQBA==
  dependencies:
    queue-microtask "^1.2.2"

strtok3@^10.3.4:
  version "10.3.5"
  resolved "https://registry.yarnpkg.com/strtok3/-/strtok3-10.3.5.tgz#7213285da0dc3dec0fc8ce5df4b8b7a733f14360"
  integrity sha512-ki4hZQfh5rX0QDLLkOCj+h+CVNkqmp/CMf8v8kZpkNVK6jGQooMytqzLZYUVYIZcFZ6yDB70EfD8POcFXiF5oA==
  dependencies:
    "@tokenizer/token" "^0.3.0"

subscriptions-transport-ws@0.11.0:
  version "0.11.0"
  resolved "https://registry.yarnpkg.com/subscriptions-transport-ws/-/subscriptions-transport-ws-0.11.0.tgz#baf88f050cba51d52afe781de5e81b3c31f89883"
  integrity sha512-8D4C6DIH5tGiAIpp5I0wD/xRlNiZAPGHygzCe7VzyzUoxHtawzjNAY9SUTXU05/EY2NMY9/9GF0ycizkXr1CWQ==
  dependencies:
    backo2 "^1.0.2"
    eventemitter3 "^3.1.0"
    iterall "^1.2.1"
    symbol-observable "^1.0.4"
    ws "^5.2.0 || ^6.0.0 || ^7.0.0"

symbol-observable@^1.0.4:
  version "1.2.0"
  resolved "https://registry.yarnpkg.com/symbol-observable/-/symbol-observable-1.2.0.tgz#c22688aed4eab3cdc2dfeacbb561660560a00804"
  integrity sha512-e900nM8RRtGhlV36KGEU9k65K3mPb1WV70OdjfxlG2EAuM1noi/E/BaW/uMhL7bPEssK8QV57vN3esixjUvcXQ==

to-regex-range@^5.0.1:
  version "5.0.1"
  resolved "https://registry.yarnpkg.com/to-regex-range/-/to-regex-range-5.0.1.tgz#1648c44aae7c8d988a326018ed72f5b4dd0392e4"
  integrity sha512-65P7iz6X5yEr1cwcgvQxbbIw7Uk3gOy5dIdtZ4rDveLqhrdJP+Li/Hx6tyK0NEb+2GCyneCMJiGqrADCSNk8sQ==
  dependencies:
    is-number "^7.0.0"

token-types@^6.1.1:
  version "6.1.2"
  resolved "https://registry.yarnpkg.com/token-types/-/token-types-6.1.2.tgz#18d0fd59b996d421f9f83914d6101c201bd08129"
  integrity sha512-dRXchy+C0IgK8WPC6xvCHFRIWYUbqqdEIKPaKo/AcTUNzwLTK6AH7RjdLWsEZcAN/TBdtfUw3PYEgPr5VPr6ww==
  dependencies:
    "@borewit/text-codec" "^0.2.1"
    "@tokenizer/token" "^0.3.0"
    ieee754 "^1.2.1"

tslib@2.8.1, tslib@^2.1.0, tslib@^2.4.0, tslib@^2.6.3:
  version "2.8.1"
  resolved "https://registry.yarnpkg.com/tslib/-/tslib-2.8.1.tgz#612efe4ed235d567e8aba5f2a5fab70280ade83f"
  integrity sha512-oJFu94HQb+KVduSUQL7wnpmqnfmLsOA/nAh6b6EH0wCEoK0/mPeXU6c3wKDV83MkOuHPRHtSXKKU99IBazS/2w==

typescript@^6.0.0:
  version "6.0.3"
  resolved "https://registry.yarnpkg.com/typescript/-/typescript-6.0.3.tgz#90251dc007916e972786cb94d74d15b185577d21"
  integrity sha512-y2TvuxSZPDyQakkFRPZHKFm+KKVqIisdg9/CZwm9ftvKXLP8NRWj38/ODjNbr43SsoXqNuAisEf1GdCxqWcdBw==

uid@2.0.2:
  version "2.0.2"
  resolved "https://registry.yarnpkg.com/uid/-/uid-2.0.2.tgz#4b5782abf0f2feeefc00fa88006b2b3b7af3e3b9"
  integrity sha512-u3xV3X7uzvi5b1MncmZo3i2Aw222Zk1keqLA1YkHldREkAhAqi65wuPfe7lHx8H/Wzy+8CE7S7uS3jekIM5s8g==
  dependencies:
    "@lukeed/csprng" "^1.0.0"

uint8array-extras@^1.4.0:
  version "1.5.0"
  resolved "https://registry.yarnpkg.com/uint8array-extras/-/uint8array-extras-1.5.0.tgz#10d2a85213de3ada304fea1c454f635c73839e86"
  integrity sha512-rvKSBiC5zqCCiDZ9kAOszZcDvdAHwwIKJG33Ykj43OKcWsnmcBRL09YTU4nOeHZ8Y2a7l1MgTd08SBe9A8Qj6A==

"undici-types@>=7.24.0 <7.24.7":
  version "7.24.6"
  resolved "https://registry.yarnpkg.com/undici-types/-/undici-types-7.24.6.tgz#61275b485d7fd4e9d269c7cf04ec2873c9cc0f91"
  integrity sha512-WRNW+sJgj5OBN4/0JpHFqtqzhpbnV0GuB+OozA9gCL7a993SmU+1JBZCzLNxYsbMfIeDL+lTsphD5jN5N+n0zg==

validator@^13.15.22:
  version "13.15.35"
  resolved "https://registry.yarnpkg.com/validator/-/validator-13.15.35.tgz#81cf455c51f15b69d8d340be5914f3fab00dbf7f"
  integrity sha512-TQ5pAGhd5whStmqWvYF4OjQROlmv9SMFVt37qoCBdqRffuuklWYQlCNnEs2ZaIBD1kZRNnikiZOS1eqgkar0iw==

ws@8.20.1:
  version "8.20.1"
  resolved "https://registry.yarnpkg.com/ws/-/ws-8.20.1.tgz#91a9ae2b312ccf98e0a85ec499b48cef45ab0ddb"
  integrity sha512-It4dO0K5v//JtTXuPkfEOaI3uUN87iYPnqo/ZzqCoG3g8uhA66QUMs/SrM0YK7/NAu+r4LMh/9dq2A7k+rHs+w==

"ws@^5.2.0 || ^6.0.0 || ^7.0.0":
  version "7.5.10"
  resolved "https://registry.yarnpkg.com/ws/-/ws-7.5.10.tgz#58b5c20dc281633f6c19113f39b349bd8bd558d9"
  integrity sha512-+dbF1tHwZpXcbOJdVOkzLDxZP1ailvSxM6ZweXTegylPny803bFhA+vqBYw4s31NSAk4S2Qz+AKXK9a4wkdjcQ==
